hash: cf4d1f487a00157a452d4e328c0b9b9fee659a505355cfad2febc1090d376c1e
updated: 2017-04-24T16:55:32.006723+08:00
imports:
- name: github.com/andybalholm/cascadia
  version: 349dd0209470eabd9514242c688c403c0926d266
- name: github.com/dustin/go-humanize
  version: 259d2a102b871d17f30e3cd9881a642961a1e486
- name: github.com/fabioberger/airtable-go
  version: 30a124a2d55f19dd37360b0590c7d3a8cae62116
  subpackages:
  - utils
- name: github.com/getsentry/raven-go
  version: b68337dbf03e7fbb53d9fd9b63fd09b28e8f13f7
- name: github.com/jmcvetta/randutil
  version: 2bb1b664bcff821e02b2a0644cd29c7e824d54f8
- name: github.com/knq/baseconv
  version: a76a6ad7af9f82f25f2d43002e728c585d8b8073
- name: github.com/mattn/go-mastodon
  version: c9a6022f50bbf733cc193cb057d91c64c0b798fb
  repo: https://github.com/orzFly/go-mastodon.git
  vcs: git
- name: github.com/mmcdole/gofeed
  version: 042c0a9121581210fc8ef106d8ad1b0bdf931ae2
  subpackages:
  - atom
  - extensions
  - internal/shared
  - rss
- name: github.com/mmcdole/goxpp
  version: e38884aa48c1952a416ba35f3c276e4f02f9b40e
- name: github.com/PuerkitoBio/goquery
  version: e1271ee34c6a305e38566ecd27ae374944907ee9
- name: github.com/vincent-petithory/dataurl
  version: 9a301d65acbb728fcc3ace14f45f511a4cfeea9c
- name: golang.org/x/net
  version: d1e1b351919c6738fdeb9893d5c998b161464f0c
  subpackages:
  - html
  - html/atom
  - html/charset
- name: golang.org/x/text
  version: a9a820217f98f7c8a207ec1e45a874e1fe12c478
  subpackages:
  - encoding
  - encoding/charmap
  - encoding/htmlindex
  - encoding/internal
  - encoding/internal/identifier
  - encoding/japanese
  - encoding/korean
  - encoding/simplifiedchinese
  - encoding/traditionalchinese
  - encoding/unicode
  - internal/tag
  - internal/utf8internal
  - language
  - runes
  - transform
testImports: []
